
Microsoft Visual Studio Solution File, Format Version 12.00
# Visual Studio Version 17
VisualStudioVersion = 17.14.36414.22 d17.14
MinimumVisualStudioVersion = 10.0.40219.1
Project("{FAE04EC0-301F-11D3-BF4B-00C04F79EFBC}") = "BioBokaren", "BioBokaren\BioBokaren.csproj", "{FC343035-A195-4687-B702-5D2C10D5E0A9}"
EndProject
Global
	GlobalSection(SolutionConfigurationPlatforms) = preSolution
		Debug|Any CPU = Debug|Any CPU
		Release|Any CPU = Release|Any CPU
	EndGlobalSection
	GlobalSection(ProjectConfigurationPlatforms) = postSolution
		{FC343035-A195-4687-B702-5D2C10D5E0A9}.Debug|Any CPU.ActiveCfg = Debug|Any CPU
		{FC343035-A195-4687-B702-5D2C10D5E0A9}.Debug|Any CPU.Build.0 = Debug|Any CPU
		{FC343035-A195-4687-B702-5D2C10D5E0A9}.Release|Any CPU.ActiveCfg = Release|Any CPU
		{FC343035-A195-4687-B702-5D2C10D5E0A9}.Release|Any CPU.Build.0 = Release|Any CPU
	EndGlobalSection
	GlobalSection(SolutionProperties) = preSolution
		HideSolutionNode = FALSE
	EndGlobalSection
	GlobalSection(ExtensibilityGlobals) = postSolution
		SolutionGuid = {934B1EF9-3552-4793-870D-EB3A2C516ACC}
	EndGlobalSection
EndGlobal
